
Microsoft Visual Studio Solution File, Format Version 12.00
# Visual Studio Version 17
VisualStudioVersion = 17.9.34728.123
MinimumVisualStudioVersion = 10.0.40219.1
Project("{9A19103F-16F7-4668-BE54-9A1E7A4F7556}") = "WebStore.API", "WebStore.API\WebStore.API.csproj", "{D9861D45-3ED5-4720-8A14-AF63CC6EC4A4}"
EndProject
Project("{FAE04EC0-301F-11D3-BF4B-00C04F79EFBC}") = "WebStore.Client", "WebStore.Client\WebStore.Client.csproj", "{832BA008-A968-43D3-919B-CDE61A5476B4}"
	ProjectSection(ProjectDependencies) = postProject
		{D9861D45-3ED5-4720-8A14-AF63CC6EC4A4} = {D9861D45-3ED5-4720-8A14-AF63CC6EC4A4}
	EndProjectSection
EndProject
Project("{FAE04EC0-301F-11D3-BF4B-00C04F79EFBC}") = "WebStore.Domain", "WebStore.Domain\WebStore.Domain.csproj", "{67C70478-52FB-41E9-AF50-5DE069BCB94E}"
EndProject
Project("{FAE04EC0-301F-11D3-BF4B-00C04F79EFBC}") = "WebStore.Tests", "WebStore.Tests\WebStore.Tests.csproj", "{6D622884-1192-490C-B049-26EC2846188D}"
EndProject
Project("{FAE04EC0-301F-11D3-BF4B-00C04F79EFBC}") = "WebStore.DataServer", "WebStore.DataServer\WebStore.DataServer.csproj", "{AFC65C52-5735-4E80-AA59-856B603635C7}"
EndProject
Project("{FAE04EC0-301F-11D3-BF4B-00C04F79EFBC}") = "WebStore.OrderServer", "WebStore.OrderServer\WebStore.OrderServer.csproj", "{AD097D25-5F00-44D4-ACD3-F900E6104664}"
EndProject
Project("{FAE04EC0-301F-11D3-BF4B-00C04F79EFBC}") = "WebStore.AuthServer", "WebStore.AuthServer\WebStore.AuthServer.csproj", "{8163F115-D9AF-4A71-95C5-B290C82DC1CA}"
EndProject
Global
	GlobalSection(SolutionConfigurationPlatforms) = preSolution
		Debug|Any CPU = Debug|Any CPU
		Release|Any CPU = Release|Any CPU
		Test|Any CPU = Test|Any CPU
	EndGlobalSection
	GlobalSection(ProjectConfigurationPlatforms) = postSolution
		{D9861D45-3ED5-4720-8A14-AF63CC6EC4A4}.Debug|Any CPU.ActiveCfg = Debug|Any CPU
		{D9861D45-3ED5-4720-8A14-AF63CC6EC4A4}.Debug|Any CPU.Build.0 = Debug|Any CPU
		{D9861D45-3ED5-4720-8A14-AF63CC6EC4A4}.Release|Any CPU.ActiveCfg = Release|Any CPU
		{D9861D45-3ED5-4720-8A14-AF63CC6EC4A4}.Release|Any CPU.Build.0 = Release|Any CPU
		{D9861D45-3ED5-4720-8A14-AF63CC6EC4A4}.Test|Any CPU.ActiveCfg = Test|Any CPU
		{D9861D45-3ED5-4720-8A14-AF63CC6EC4A4}.Test|Any CPU.Build.0 = Test|Any CPU
		{832BA008-A968-43D3-919B-CDE61A5476B4}.Debug|Any CPU.ActiveCfg = Debug|Any CPU
		{832BA008-A968-43D3-919B-CDE61A5476B4}.Debug|Any CPU.Build.0 = Debug|Any CPU
		{832BA008-A968-43D3-919B-CDE61A5476B4}.Release|Any CPU.ActiveCfg = Release|Any CPU
		{832BA008-A968-43D3-919B-CDE61A5476B4}.Release|Any CPU.Build.0 = Release|Any CPU
		{832BA008-A968-43D3-919B-CDE61A5476B4}.Test|Any CPU.ActiveCfg = Test|Any CPU
		{832BA008-A968-43D3-919B-CDE61A5476B4}.Test|Any CPU.Build.0 = Test|Any CPU
		{67C70478-52FB-41E9-AF50-5DE069BCB94E}.Debug|Any CPU.ActiveCfg = Debug|Any CPU
		{67C70478-52FB-41E9-AF50-5DE069BCB94E}.Debug|Any CPU.Build.0 = Debug|Any CPU
		{67C70478-52FB-41E9-AF50-5DE069BCB94E}.Release|Any CPU.ActiveCfg = Release|Any CPU
		{67C70478-52FB-41E9-AF50-5DE069BCB94E}.Release|Any CPU.Build.0 = Release|Any CPU
		{67C70478-52FB-41E9-AF50-5DE069BCB94E}.Test|Any CPU.ActiveCfg = Release|Any CPU
		{67C70478-52FB-41E9-AF50-5DE069BCB94E}.Test|Any CPU.Build.0 = Release|Any CPU
		{6D622884-1192-490C-B049-26EC2846188D}.Debug|Any CPU.ActiveCfg = Debug|Any CPU
		{6D622884-1192-490C-B049-26EC2846188D}.Debug|Any CPU.Build.0 = Debug|Any CPU
		{6D622884-1192-490C-B049-26EC2846188D}.Release|Any CPU.ActiveCfg = Release|Any CPU
		{6D622884-1192-490C-B049-26EC2846188D}.Release|Any CPU.Build.0 = Release|Any CPU
		{6D622884-1192-490C-B049-26EC2846188D}.Test|Any CPU.ActiveCfg = Debug|Any CPU
		{6D622884-1192-490C-B049-26EC2846188D}.Test|Any CPU.Build.0 = Debug|Any CPU
		{AFC65C52-5735-4E80-AA59-856B603635C7}.Debug|Any CPU.ActiveCfg = Debug|Any CPU
		{AFC65C52-5735-4E80-AA59-856B603635C7}.Debug|Any CPU.Build.0 = Debug|Any CPU
		{AFC65C52-5735-4E80-AA59-856B603635C7}.Release|Any CPU.ActiveCfg = Release|Any CPU
		{AFC65C52-5735-4E80-AA59-856B603635C7}.Release|Any CPU.Build.0 = Release|Any CPU
		{AFC65C52-5735-4E80-AA59-856B603635C7}.Test|Any CPU.ActiveCfg = Debug|Any CPU
		{AFC65C52-5735-4E80-AA59-856B603635C7}.Test|Any CPU.Build.0 = Debug|Any CPU
		{AD097D25-5F00-44D4-ACD3-F900E6104664}.Debug|Any CPU.ActiveCfg = Debug|Any CPU
		{AD097D25-5F00-44D4-ACD3-F900E6104664}.Debug|Any CPU.Build.0 = Debug|Any CPU
		{AD097D25-5F00-44D4-ACD3-F900E6104664}.Release|Any CPU.ActiveCfg = Release|Any CPU
		{AD097D25-5F00-44D4-ACD3-F900E6104664}.Release|Any CPU.Build.0 = Release|Any CPU
		{AD097D25-5F00-44D4-ACD3-F900E6104664}.Test|Any CPU.ActiveCfg = Debug|Any CPU
		{AD097D25-5F00-44D4-ACD3-F900E6104664}.Test|Any CPU.Build.0 = Debug|Any CPU
		{8163F115-D9AF-4A71-95C5-B290C82DC1CA}.Debug|Any CPU.ActiveCfg = Debug|Any CPU
		{8163F115-D9AF-4A71-95C5-B290C82DC1CA}.Debug|Any CPU.Build.0 = Debug|Any CPU
		{8163F115-D9AF-4A71-95C5-B290C82DC1CA}.Release|Any CPU.ActiveCfg = Release|Any CPU
		{8163F115-D9AF-4A71-95C5-B290C82DC1CA}.Release|Any CPU.Build.0 = Release|Any CPU
		{8163F115-D9AF-4A71-95C5-B290C82DC1CA}.Test|Any CPU.ActiveCfg = Debug|Any CPU
		{8163F115-D9AF-4A71-95C5-B290C82DC1CA}.Test|Any CPU.Build.0 = Debug|Any CPU
	EndGlobalSection
	GlobalSection(SolutionProperties) = preSolution
		HideSolutionNode = FALSE
	EndGlobalSection
	GlobalSection(ExtensibilityGlobals) = postSolution
		SolutionGuid = {3705D648-8871-40CE-B1B2-3689CB37A337}
	EndGlobalSection
EndGlobal
