
Microsoft Visual Studio Solution File, Format Version 12.00
# Visual Studio Version 17
VisualStudioVersion = 17.9.34728.123
MinimumVisualStudioVersion = 10.0.40219.1
Project("{9A19103F-16F7-4668-BE54-9A1E7A4F7556}") = "WebStoreServer", "WebStoreServer\WebStoreServer.csproj", "{D9861D45-3ED5-4720-8A14-AF63CC6EC4A4}"
EndProject
Project("{FAE04EC0-301F-11D3-BF4B-00C04F79EFBC}") = "WebStore.Client", "WebStore.Client\WebStore.Client.csproj", "{832BA008-A968-43D3-919B-CDE61A5476B4}"
	ProjectSection(ProjectDependencies) = postProject
		{D9861D45-3ED5-4720-8A14-AF63CC6EC4A4} = {D9861D45-3ED5-4720-8A14-AF63CC6EC4A4}
	EndProjectSection
EndProject
Global
	GlobalSection(SolutionConfigurationPlatforms) = preSolution
		Debug|Any CPU = Debug|Any CPU
		Release|Any CPU = Release|Any CPU
	EndGlobalSection
	GlobalSection(ProjectConfigurationPlatforms) = postSolution
		{D9861D45-3ED5-4720-8A14-AF63CC6EC4A4}.Debug|Any CPU.ActiveCfg = Debug|Any CPU
		{D9861D45-3ED5-4720-8A14-AF63CC6EC4A4}.Debug|Any CPU.Build.0 = Debug|Any CPU
		{D9861D45-3ED5-4720-8A14-AF63CC6EC4A4}.Release|Any CPU.ActiveCfg = Release|Any CPU
		{D9861D45-3ED5-4720-8A14-AF63CC6EC4A4}.Release|Any CPU.Build.0 = Release|Any CPU
		{832BA008-A968-43D3-919B-CDE61A5476B4}.Debug|Any CPU.ActiveCfg = Debug|Any CPU
		{832BA008-A968-43D3-919B-CDE61A5476B4}.Debug|Any CPU.Build.0 = Debug|Any CPU
		{832BA008-A968-43D3-919B-CDE61A5476B4}.Release|Any CPU.ActiveCfg = Release|Any CPU
		{832BA008-A968-43D3-919B-CDE61A5476B4}.Release|Any CPU.Build.0 = Release|Any CPU
	EndGlobalSection
	GlobalSection(SolutionProperties) = preSolution
		HideSolutionNode = FALSE
	EndGlobalSection
	GlobalSection(ExtensibilityGlobals) = postSolution
		SolutionGuid = {3705D648-8871-40CE-B1B2-3689CB37A337}
	EndGlobalSection
EndGlobal
